
Microsoft Visual Studio Solution File, Format Version 12.00
# Visual Studio Version 17
VisualStudioVersion = 17.0.32112.339
MinimumVisualStudioVersion = 10.0.40219.1
Project("{FAE04EC0-301F-11D3-BF4B-00C04F79EFBC}") = "FoodBook.UWP", "FoodBook.UWP\FoodBook.UWP.csproj", "{A6CB2F68-0726-4C6C-A074-CC254F3899F2}"
EndProject
Project("{FAE04EC0-301F-11D3-BF4B-00C04F79EFBC}") = "FoodBook.Android", "FoodBook.Android\FoodBook.Android.csproj", "{FB0E52FB-0C61-45E1-AE63-FC6E265C4803}"
EndProject
Project("{FAE04EC0-301F-11D3-BF4B-00C04F79EFBC}") = "FoodBook.iOS", "FoodBook.iOS\FoodBook.iOS.csproj", "{8AF05133-4AB0-40E1-8A9B-1275BC48D5DC}"
EndProject
Project("{FAE04EC0-301F-11D3-BF4B-00C04F79EFBC}") = "FoodBook", "FoodBook\FoodBook.csproj", "{988937BF-4963-443B-B529-697CADEEB7B1}"
EndProject
Global
	GlobalSection(SolutionConfigurationPlatforms) = preSolution
		Debug|Any CPU = Debug|Any CPU
		Debug|ARM = Debug|ARM
		Debug|iPhone = Debug|iPhone
		Debug|iPhoneSimulator = Debug|iPhoneSimulator
		Debug|x64 = Debug|x64
		Debug|x86 = Debug|x86
		Release|Any CPU = Release|Any CPU
		Release|ARM = Release|ARM
		Release|iPhone = Release|iPhone
		Release|iPhoneSimulator = Release|iPhoneSimulator
		Release|x64 = Release|x64
		Release|x86 = Release|x86
	EndGlobalSection
	GlobalSection(ProjectConfigurationPlatforms) = postSolution
		{A6CB2F68-0726-4C6C-A074-CC254F3899F2}.Debug|Any CPU.ActiveCfg = Debug|x64
		{A6CB2F68-0726-4C6C-A074-CC254F3899F2}.Debug|Any CPU.Build.0 = Debug|x64
		{A6CB2F68-0726-4C6C-A074-CC254F3899F2}.Debug|Any CPU.Deploy.0 = Debug|x64
		{A6CB2F68-0726-4C6C-A074-CC254F3899F2}.Debug|ARM.ActiveCfg = Debug|ARM
		{A6CB2F68-0726-4C6C-A074-CC254F3899F2}.Debug|ARM.Build.0 = Debug|ARM
		{A6CB2F68-0726-4C6C-A074-CC254F3899F2}.Debug|ARM.Deploy.0 = Debug|ARM
		{A6CB2F68-0726-4C6C-A074-CC254F3899F2}.Debug|iPhone.ActiveCfg = Debug|x64
		{A6CB2F68-0726-4C6C-A074-CC254F3899F2}.Debug|iPhone.Build.0 = Debug|x64
		{A6CB2F68-0726-4C6C-A074-CC254F3899F2}.Debug|iPhone.Deploy.0 = Debug|x64
		{A6CB2F68-0726-4C6C-A074-CC254F3899F2}.Debug|iPhoneSimulator.ActiveCfg = Debug|x64
		{A6CB2F68-0726-4C6C-A074-CC254F3899F2}.Debug|iPhoneSimulator.Build.0 = Debug|x64
		{A6CB2F68-0726-4C6C-A074-CC254F3899F2}.Debug|iPhoneSimulator.Deploy.0 = Debug|x64
		{A6CB2F68-0726-4C6C-A074-CC254F3899F2}.Debug|x64.ActiveCfg = Debug|x64
		{A6CB2F68-0726-4C6C-A074-CC254F3899F2}.Debug|x64.Build.0 = Debug|x64
		{A6CB2F68-0726-4C6C-A074-CC254F3899F2}.Debug|x64.Deploy.0 = Debug|x64
		{A6CB2F68-0726-4C6C-A074-CC254F3899F2}.Debug|x86.ActiveCfg = Debug|x86
		{A6CB2F68-0726-4C6C-A074-CC254F3899F2}.Debug|x86.Build.0 = Debug|x86
		{A6CB2F68-0726-4C6C-A074-CC254F3899F2}.Debug|x86.Deploy.0 = Debug|x86
		{A6CB2F68-0726-4C6C-A074-CC254F3899F2}.Release|Any CPU.ActiveCfg = Release|x64
		{A6CB2F68-0726-4C6C-A074-CC254F3899F2}.Release|Any CPU.Build.0 = Release|x64
		{A6CB2F68-0726-4C6C-A074-CC254F3899F2}.Release|Any CPU.Deploy.0 = Release|x64
		{A6CB2F68-0726-4C6C-A074-CC254F3899F2}.Release|ARM.ActiveCfg = Release|ARM
		{A6CB2F68-0726-4C6C-A074-CC254F3899F2}.Release|ARM.Build.0 = Release|ARM
		{A6CB2F68-0726-4C6C-A074-CC254F3899F2}.Release|ARM.Deploy.0 = Release|ARM
		{A6CB2F68-0726-4C6C-A074-CC254F3899F2}.Release|iPhone.ActiveCfg = Release|x64
		{A6CB2F68-0726-4C6C-A074-CC254F3899F2}.Release|iPhone.Build.0 = Release|x64
		{A6CB2F68-0726-4C6C-A074-CC254F3899F2}.Release|iPhone.Deploy.0 = Release|x64
		{A6CB2F68-0726-4C6C-A074-CC254F3899F2}.Release|iPhoneSimulator.ActiveCfg = Release|x64
		{A6CB2F68-0726-4C6C-A074-CC254F3899F2}.Release|iPhoneSimulator.Build.0 = Release|x64
		{A6CB2F68-0726-4C6C-A074-CC254F3899F2}.Release|iPhoneSimulator.Deploy.0 = Release|x64
		{A6CB2F68-0726-4C6C-A074-CC254F3899F2}.Release|x64.ActiveCfg = Release|x64
		{A6CB2F68-0726-4C6C-A074-CC254F3899F2}.Release|x64.Build.0 = Release|x64
		{A6CB2F68-0726-4C6C-A074-CC254F3899F2}.Release|x64.Deploy.0 = Release|x64
		{A6CB2F68-0726-4C6C-A074-CC254F3899F2}.Release|x86.ActiveCfg = Release|x86
		{A6CB2F68-0726-4C6C-A074-CC254F3899F2}.Release|x86.Build.0 = Release|x86
		{A6CB2F68-0726-4C6C-A074-CC254F3899F2}.Release|x86.Deploy.0 = Release|x86
		{FB0E52FB-0C61-45E1-AE63-FC6E265C4803}.Debug|Any CPU.ActiveCfg = Debug|Any CPU
		{FB0E52FB-0C61-45E1-AE63-FC6E265C4803}.Debug|Any CPU.Build.0 = Debug|Any CPU
		{FB0E52FB-0C61-45E1-AE63-FC6E265C4803}.Debug|Any CPU.Deploy.0 = Debug|Any CPU
		{FB0E52FB-0C61-45E1-AE63-FC6E265C4803}.Debug|ARM.ActiveCfg = Debug|Any CPU
		{FB0E52FB-0C61-45E1-AE63-FC6E265C4803}.Debug|ARM.Build.0 = Debug|Any CPU
		{FB0E52FB-0C61-45E1-AE63-FC6E265C4803}.Debug|ARM.Deploy.0 = Debug|Any CPU
		{FB0E52FB-0C61-45E1-AE63-FC6E265C4803}.Debug|iPhone.ActiveCfg = Debug|Any CPU
		{FB0E52FB-0C61-45E1-AE63-FC6E265C4803}.Debug|iPhone.Build.0 = Debug|Any CPU
		{FB0E52FB-0C61-45E1-AE63-FC6E265C4803}.Debug|iPhone.Deploy.0 = Debug|Any CPU
		{FB0E52FB-0C61-45E1-AE63-FC6E265C4803}.Debug|iPhoneSimulator.ActiveCfg = Debug|Any CPU
		{FB0E52FB-0C61-45E1-AE63-FC6E265C4803}.Debug|iPhoneSimulator.Build.0 = Debug|Any CPU
		{FB0E52FB-0C61-45E1-AE63-FC6E265C4803}.Debug|iPhoneSimulator.Deploy.0 = Debug|Any CPU
		{FB0E52FB-0C61-45E1-AE63-FC6E265C4803}.Debug|x64.ActiveCfg = Debug|Any CPU
		{FB0E52FB-0C61-45E1-AE63-FC6E265C4803}.Debug|x64.Build.0 = Debug|Any CPU
		{FB0E52FB-0C61-45E1-AE63-FC6E265C4803}.Debug|x64.Deploy.0 = Debug|Any CPU
		{FB0E52FB-0C61-45E1-AE63-FC6E265C4803}.Debug|x86.ActiveCfg = Debug|Any CPU
		{FB0E52FB-0C61-45E1-AE63-FC6E265C4803}.Debug|x86.Build.0 = Debug|Any CPU
		{FB0E52FB-0C61-45E1-AE63-FC6E265C4803}.Debug|x86.Deploy.0 = Debug|Any CPU
		{FB0E52FB-0C61-45E1-AE63-FC6E265C4803}.Release|Any CPU.ActiveCfg = Release|Any CPU
		{FB0E52FB-0C61-45E1-AE63-FC6E265C4803}.Release|Any CPU.Build.0 = Release|Any CPU
		{FB0E52FB-0C61-45E1-AE63-FC6E265C4803}.Release|Any CPU.Deploy.0 = Release|Any CPU
		{FB0E52FB-0C61-45E1-AE63-FC6E265C4803}.Release|ARM.ActiveCfg = Release|Any CPU
		{FB0E52FB-0C61-45E1-AE63-FC6E265C4803}.Release|ARM.Build.0 = Release|Any CPU
		{FB0E52FB-0C61-45E1-AE63-FC6E265C4803}.Release|ARM.Deploy.0 = Release|Any CPU
		{FB0E52FB-0C61-45E1-AE63-FC6E265C4803}.Release|iPhone.ActiveCfg = Release|Any CPU
		{FB0E52FB-0C61-45E1-AE63-FC6E265C4803}.Release|iPhone.Build.0 = Release|Any CPU
		{FB0E52FB-0C61-45E1-AE63-FC6E265C4803}.Release|iPhone.Deploy.0 = Release|Any CPU
		{FB0E52FB-0C61-45E1-AE63-FC6E265C4803}.Release|iPhoneSimulator.ActiveCfg = Release|Any CPU
		{FB0E52FB-0C61-45E1-AE63-FC6E265C4803}.Release|iPhoneSimulator.Build.0 = Release|Any CPU
		{FB0E52FB-0C61-45E1-AE63-FC6E265C4803}.Release|iPhoneSimulator.Deploy.0 = Release|Any CPU
		{FB0E52FB-0C61-45E1-AE63-FC6E265C4803}.Release|x64.ActiveCfg = Release|Any CPU
		{FB0E52FB-0C61-45E1-AE63-FC6E265C4803}.Release|x64.Build.0 = Release|Any CPU
		{FB0E52FB-0C61-45E1-AE63-FC6E265C4803}.Release|x64.Deploy.0 = Release|Any CPU
		{FB0E52FB-0C61-45E1-AE63-FC6E265C4803}.Release|x86.ActiveCfg = Release|Any CPU
		{FB0E52FB-0C61-45E1-AE63-FC6E265C4803}.Release|x86.Build.0 = Release|Any CPU
		{FB0E52FB-0C61-45E1-AE63-FC6E265C4803}.Release|x86.Deploy.0 = Release|Any CPU
		{8AF05133-4AB0-40E1-8A9B-1275BC48D5DC}.Debug|Any CPU.ActiveCfg = Debug|iPhoneSimulator
		{8AF05133-4AB0-40E1-8A9B-1275BC48D5DC}.Debug|Any CPU.Build.0 = Debug|iPhoneSimulator
		{8AF05133-4AB0-40E1-8A9B-1275BC48D5DC}.Debug|Any CPU.Deploy.0 = Debug|iPhoneSimulator
		{8AF05133-4AB0-40E1-8A9B-1275BC48D5DC}.Debug|ARM.ActiveCfg = Debug|iPhoneSimulator
		{8AF05133-4AB0-40E1-8A9B-1275BC48D5DC}.Debug|ARM.Build.0 = Debug|iPhoneSimulator
		{8AF05133-4AB0-40E1-8A9B-1275BC48D5DC}.Debug|ARM.Deploy.0 = Debug|iPhoneSimulator
		{8AF05133-4AB0-40E1-8A9B-1275BC48D5DC}.Debug|iPhone.ActiveCfg = Debug|iPhone
		{8AF05133-4AB0-40E1-8A9B-1275BC48D5DC}.Debug|iPhone.Build.0 = Debug|iPhone
		{8AF05133-4AB0-40E1-8A9B-1275BC48D5DC}.Debug|iPhone.Deploy.0 = Debug|iPhone
		{8AF05133-4AB0-40E1-8A9B-1275BC48D5DC}.Debug|iPhoneSimulator.ActiveCfg = Debug|iPhoneSimulator
		{8AF05133-4AB0-40E1-8A9B-1275BC48D5DC}.Debug|iPhoneSimulator.Build.0 = Debug|iPhoneSimulator
		{8AF05133-4AB0-40E1-8A9B-1275BC48D5DC}.Debug|iPhoneSimulator.Deploy.0 = Debug|iPhoneSimulator
		{8AF05133-4AB0-40E1-8A9B-1275BC48D5DC}.Debug|x64.ActiveCfg = Debug|iPhone
		{8AF05133-4AB0-40E1-8A9B-1275BC48D5DC}.Debug|x64.Build.0 = Debug|iPhone
		{8AF05133-4AB0-40E1-8A9B-1275BC48D5DC}.Debug|x64.Deploy.0 = Debug|iPhone
		{8AF05133-4AB0-40E1-8A9B-1275BC48D5DC}.Debug|x86.ActiveCfg = Debug|iPhoneSimulator
		{8AF05133-4AB0-40E1-8A9B-1275BC48D5DC}.Debug|x86.Build.0 = Debug|iPhoneSimulator
		{8AF05133-4AB0-40E1-8A9B-1275BC48D5DC}.Debug|x86.Deploy.0 = Debug|iPhoneSimulator
		{8AF05133-4AB0-40E1-8A9B-1275BC48D5DC}.Release|Any CPU.ActiveCfg = Release|iPhoneSimulator
		{8AF05133-4AB0-40E1-8A9B-1275BC48D5DC}.Release|Any CPU.Build.0 = Release|iPhoneSimulator
		{8AF05133-4AB0-40E1-8A9B-1275BC48D5DC}.Release|Any CPU.Deploy.0 = Release|iPhoneSimulator
		{8AF05133-4AB0-40E1-8A9B-1275BC48D5DC}.Release|ARM.ActiveCfg = Release|iPhoneSimulator
		{8AF05133-4AB0-40E1-8A9B-1275BC48D5DC}.Release|ARM.Build.0 = Release|iPhoneSimulator
		{8AF05133-4AB0-40E1-8A9B-1275BC48D5DC}.Release|ARM.Deploy.0 = Release|iPhoneSimulator
		{8AF05133-4AB0-40E1-8A9B-1275BC48D5DC}.Release|iPhone.ActiveCfg = Release|iPhone
		{8AF05133-4AB0-40E1-8A9B-1275BC48D5DC}.Release|iPhone.Build.0 = Release|iPhone
		{8AF05133-4AB0-40E1-8A9B-1275BC48D5DC}.Release|iPhone.Deploy.0 = Release|iPhone
		{8AF05133-4AB0-40E1-8A9B-1275BC48D5DC}.Release|iPhoneSimulator.ActiveCfg = Release|iPhoneSimulator
		{8AF05133-4AB0-40E1-8A9B-1275BC48D5DC}.Release|iPhoneSimulator.Build.0 = Release|iPhoneSimulator
		{8AF05133-4AB0-40E1-8A9B-1275BC48D5DC}.Release|iPhoneSimulator.Deploy.0 = Release|iPhoneSimulator
		{8AF05133-4AB0-40E1-8A9B-1275BC48D5DC}.Release|x64.ActiveCfg = Release|iPhoneSimulator
		{8AF05133-4AB0-40E1-8A9B-1275BC48D5DC}.Release|x64.Build.0 = Release|iPhoneSimulator
		{8AF05133-4AB0-40E1-8A9B-1275BC48D5DC}.Release|x64.Deploy.0 = Release|iPhoneSimulator
		{8AF05133-4AB0-40E1-8A9B-1275BC48D5DC}.Release|x86.ActiveCfg = Release|iPhoneSimulator
		{8AF05133-4AB0-40E1-8A9B-1275BC48D5DC}.Release|x86.Build.0 = Release|iPhoneSimulator
		{8AF05133-4AB0-40E1-8A9B-1275BC48D5DC}.Release|x86.Deploy.0 = Release|iPhoneSimulator
		{988937BF-4963-443B-B529-697CADEEB7B1}.Debug|Any CPU.ActiveCfg = Debug|Any CPU
		{988937BF-4963-443B-B529-697CADEEB7B1}.Debug|Any CPU.Build.0 = Debug|Any CPU
		{988937BF-4963-443B-B529-697CADEEB7B1}.Debug|Any CPU.Deploy.0 = Debug|Any CPU
		{988937BF-4963-443B-B529-697CADEEB7B1}.Debug|ARM.ActiveCfg = Debug|Any CPU
		{988937BF-4963-443B-B529-697CADEEB7B1}.Debug|ARM.Build.0 = Debug|Any CPU
		{988937BF-4963-443B-B529-697CADEEB7B1}.Debug|ARM.Deploy.0 = Debug|Any CPU
		{988937BF-4963-443B-B529-697CADEEB7B1}.Debug|iPhone.ActiveCfg = Debug|Any CPU
		{988937BF-4963-443B-B529-697CADEEB7B1}.Debug|iPhone.Build.0 = Debug|Any CPU
		{988937BF-4963-443B-B529-697CADEEB7B1}.Debug|iPhone.Deploy.0 = Debug|Any CPU
		{988937BF-4963-443B-B529-697CADEEB7B1}.Debug|iPhoneSimulator.ActiveCfg = Debug|Any CPU
		{988937BF-4963-443B-B529-697CADEEB7B1}.Debug|iPhoneSimulator.Build.0 = Debug|Any CPU
		{988937BF-4963-443B-B529-697CADEEB7B1}.Debug|iPhoneSimulator.Deploy.0 = Debug|Any CPU
		{988937BF-4963-443B-B529-697CADEEB7B1}.Debug|x64.ActiveCfg = Debug|Any CPU
		{988937BF-4963-443B-B529-697CADEEB7B1}.Debug|x64.Build.0 = Debug|Any CPU
		{988937BF-4963-443B-B529-697CADEEB7B1}.Debug|x64.Deploy.0 = Debug|Any CPU
		{988937BF-4963-443B-B529-697CADEEB7B1}.Debug|x86.ActiveCfg = Debug|Any CPU
		{988937BF-4963-443B-B529-697CADEEB7B1}.Debug|x86.Build.0 = Debug|Any CPU
		{988937BF-4963-443B-B529-697CADEEB7B1}.Debug|x86.Deploy.0 = Debug|Any CPU
		{988937BF-4963-443B-B529-697CADEEB7B1}.Release|Any CPU.ActiveCfg = Release|Any CPU
		{988937BF-4963-443B-B529-697CADEEB7B1}.Release|Any CPU.Build.0 = Release|Any CPU
		{988937BF-4963-443B-B529-697CADEEB7B1}.Release|Any CPU.Deploy.0 = Release|Any CPU
		{988937BF-4963-443B-B529-697CADEEB7B1}.Release|ARM.ActiveCfg = Release|Any CPU
		{988937BF-4963-443B-B529-697CADEEB7B1}.Release|ARM.Build.0 = Release|Any CPU
		{988937BF-4963-443B-B529-697CADEEB7B1}.Release|ARM.Deploy.0 = Release|Any CPU
		{988937BF-4963-443B-B529-697CADEEB7B1}.Release|iPhone.ActiveCfg = Release|Any CPU
		{988937BF-4963-443B-B529-697CADEEB7B1}.Release|iPhone.Build.0 = Release|Any CPU
		{988937BF-4963-443B-B529-697CADEEB7B1}.Release|iPhone.Deploy.0 = Release|Any CPU
		{988937BF-4963-443B-B529-697CADEEB7B1}.Release|iPhoneSimulator.ActiveCfg = Release|Any CPU
		{988937BF-4963-443B-B529-697CADEEB7B1}.Release|iPhoneSimulator.Build.0 = Release|Any CPU
		{988937BF-4963-443B-B529-697CADEEB7B1}.Release|iPhoneSimulator.Deploy.0 = Release|Any CPU
		{988937BF-4963-443B-B529-697CADEEB7B1}.Release|x64.ActiveCfg = Release|Any CPU
		{988937BF-4963-443B-B529-697CADEEB7B1}.Release|x64.Build.0 = Release|Any CPU
		{988937BF-4963-443B-B529-697CADEEB7B1}.Release|x64.Deploy.0 = Release|Any CPU
		{988937BF-4963-443B-B529-697CADEEB7B1}.Release|x86.ActiveCfg = Release|Any CPU
		{988937BF-4963-443B-B529-697CADEEB7B1}.Release|x86.Build.0 = Release|Any CPU
		{988937BF-4963-443B-B529-697CADEEB7B1}.Release|x86.Deploy.0 = Release|Any CPU
	EndGlobalSection
	GlobalSection(SolutionProperties) = preSolution
		HideSolutionNode = FALSE
	EndGlobalSection
	GlobalSection(ExtensibilityGlobals) = postSolution
		SolutionGuid = {5FFD1589-FCA7-4414-9DB4-30105A24D573}
	EndGlobalSection
EndGlobal
